
Microsoft Visual Studio Solution File, Format Version 12.00
# Visual Studio Version 17
VisualStudioVersion = 17.14.36518.9
MinimumVisualStudioVersion = 10.0.40219.1
Project("{FAE04EC0-301F-11D3-BF4B-00C04F79EFBC}") = "DoAn.GUI", "DoAn\DoAn.GUI.csproj", "{1D65489A-DE41-463B-BC51-FC947AC68B4D}"
EndProject
Project("{FAE04EC0-301F-11D3-BF4B-00C04F79EFBC}") = "DoAn.BUS", "DoAn.BUS\DoAn.BUS.csproj", "{707442AF-3DEC-45A7-AA2B-13602FE5C0C4}"
EndProject
Project("{FAE04EC0-301F-11D3-BF4B-00C04F79EFBC}") = "DoAn.DAL", "DoAn.DAL\DoAn.DAL.csproj", "{815BBF8A-C01A-46C2-8B3B-E8E64AEFC1C8}"
EndProject
Global
	GlobalSection(SolutionConfigurationPlatforms) = preSolution
		Debug|Any CPU = Debug|Any CPU
		Release|Any CPU = Release|Any CPU
	EndGlobalSection
	GlobalSection(ProjectConfigurationPlatforms) = postSolution
		{1D65489A-DE41-463B-BC51-FC947AC68B4D}.Debug|Any CPU.ActiveCfg = Debug|Any CPU
		{1D65489A-DE41-463B-BC51-FC947AC68B4D}.Debug|Any CPU.Build.0 = Debug|Any CPU
		{1D65489A-DE41-463B-BC51-FC947AC68B4D}.Release|Any CPU.ActiveCfg = Release|Any CPU
		{1D65489A-DE41-463B-BC51-FC947AC68B4D}.Release|Any CPU.Build.0 = Release|Any CPU
		{707442AF-3DEC-45A7-AA2B-13602FE5C0C4}.Debug|Any CPU.ActiveCfg = Debug|Any CPU
		{707442AF-3DEC-45A7-AA2B-13602FE5C0C4}.Debug|Any CPU.Build.0 = Debug|Any CPU
		{707442AF-3DEC-45A7-AA2B-13602FE5C0C4}.Release|Any CPU.ActiveCfg = Release|Any CPU
		{707442AF-3DEC-45A7-AA2B-13602FE5C0C4}.Release|Any CPU.Build.0 = Release|Any CPU
		{815BBF8A-C01A-46C2-8B3B-E8E64AEFC1C8}.Debug|Any CPU.ActiveCfg = Debug|Any CPU
		{815BBF8A-C01A-46C2-8B3B-E8E64AEFC1C8}.Debug|Any CPU.Build.0 = Debug|Any CPU
		{815BBF8A-C01A-46C2-8B3B-E8E64AEFC1C8}.Release|Any CPU.ActiveCfg = Release|Any CPU
		{815BBF8A-C01A-46C2-8B3B-E8E64AEFC1C8}.Release|Any CPU.Build.0 = Release|Any CPU
	EndGlobalSection
	GlobalSection(SolutionProperties) = preSolution
		HideSolutionNode = FALSE
	EndGlobalSection
	GlobalSection(ExtensibilityGlobals) = postSolution
		SolutionGuid = {0D868332-4F9F-4D02-850A-2D1324CAB5D7}
	EndGlobalSection
EndGlobal
